NeoBundleLock accelerated-jk 156c5158b72059404f6b8aaf15b59f87dd0aaa88
NeoBundleLock caw.vim f64927182e203441785239dcf4b1dcc4b39b5e3b
NeoBundleLock ctrlp.vim 0415f77465da3eedb41ce4cfdef6c68e3447661a
NeoBundleLock indentLine e046aa9e6feb397464b9545e861daed607d3c60c
NeoBundleLock nerdtree c11affabb4bbc0372677eb39f7a03af404e312dc
NeoBundleLock nerdtree-git-plugin 6a9b3122cb89b3a45ec444f9787a895125aca8aa
NeoBundleLock open-browser.vim d0cd58e7a59a758a8a930a22e7cc063e9cf563a4
NeoBundleLock unite.vim ada33d888934d8a9e60aa8ff828b651aaedb6457
NeoBundleLock vim-airline 466198adc015a9d81e975374d8e206dcf3efd173
NeoBundleLock vim-gitgutter b803a28f47b26d16f5fe9e747850992c9985c667
NeoBundleLock vim-nerdtree-tabs 01ae3cdc7018fa33f140cce3e7cdf210c04ffbab
NeoBundleLock vim-quickrun 98889e1fc0f7136262c4dd7c312b82879df16486
NeoBundleLock vim-trailing-whitespace 733fb64337b6da4a51c85a43450cd620d8b617b5
NeoBundleLock vimfiler 80369ec003d02923d0b8e121213bdc76d44b878b
